
Microsoft Visual Studio Solution File, Format Version 12.00
# Visual Studio Version 17
VisualStudioVersion = 17.0.31903.59
MinimumVisualStudioVersion = 10.0.40219.1
Project("{2150E333-8FDC-42A3-9474-1A3956D46DE8}") = "src", "src", "{79C38A03-BFD6-4514-BBFA-673406C939EA}"
EndProject
Project("{FAE04EC0-301F-11D3-BF4B-00C04F79EFBC}") = "AuthenticationService.Domain", "src\AuthenticationService.Domain\AuthenticationService.Domain.csproj", "{4ED4253B-6B27-4654-BC89-1CE8E1625E31}"
EndProject
Project("{FAE04EC0-301F-11D3-BF4B-00C04F79EFBC}") = "AuthenticationService.Persistence", "src\AuthenticationService.Persistence\AuthenticationService.Persistence.csproj", "{C0293BD3-0684-4142-B53E-F548E75B6679}"
EndProject
Project("{FAE04EC0-301F-11D3-BF4B-00C04F79EFBC}") = "AuthenticationService.Application", "src\AuthenticationService.Application\AuthenticationService.Application.csproj", "{D1D93F19-7504-4073-B9E0-F9CFF25117A5}"
EndProject
Project("{FAE04EC0-301F-11D3-BF4B-00C04F79EFBC}") = "AuthenticationService.Api", "src\AuthenticationService.Api\AuthenticationService.Api.csproj", "{719F7D92-C310-47C0-9C34-0EA55ADA932A}"
EndProject
Global
	GlobalSection(SolutionConfigurationPlatforms) = preSolution
		Debug|Any CPU = Debug|Any CPU
		Release|Any CPU = Release|Any CPU
	EndGlobalSection
	GlobalSection(SolutionProperties) = preSolution
		HideSolutionNode = FALSE
	EndGlobalSection
	GlobalSection(ProjectConfigurationPlatforms) = postSolution
		{4ED4253B-6B27-4654-BC89-1CE8E1625E31}.Debug|Any CPU.ActiveCfg = Debug|Any CPU
		{4ED4253B-6B27-4654-BC89-1CE8E1625E31}.Debug|Any CPU.Build.0 = Debug|Any CPU
		{4ED4253B-6B27-4654-BC89-1CE8E1625E31}.Release|Any CPU.ActiveCfg = Release|Any CPU
		{4ED4253B-6B27-4654-BC89-1CE8E1625E31}.Release|Any CPU.Build.0 = Release|Any CPU
		{C0293BD3-0684-4142-B53E-F548E75B6679}.Debug|Any CPU.ActiveCfg = Debug|Any CPU
		{C0293BD3-0684-4142-B53E-F548E75B6679}.Debug|Any CPU.Build.0 = Debug|Any CPU
		{C0293BD3-0684-4142-B53E-F548E75B6679}.Release|Any CPU.ActiveCfg = Release|Any CPU
		{C0293BD3-0684-4142-B53E-F548E75B6679}.Release|Any CPU.Build.0 = Release|Any CPU
		{D1D93F19-7504-4073-B9E0-F9CFF25117A5}.Debug|Any CPU.ActiveCfg = Debug|Any CPU
		{D1D93F19-7504-4073-B9E0-F9CFF25117A5}.Debug|Any CPU.Build.0 = Debug|Any CPU
		{D1D93F19-7504-4073-B9E0-F9CFF25117A5}.Release|Any CPU.ActiveCfg = Release|Any CPU
		{D1D93F19-7504-4073-B9E0-F9CFF25117A5}.Release|Any CPU.Build.0 = Release|Any CPU
		{719F7D92-C310-47C0-9C34-0EA55ADA932A}.Debug|Any CPU.ActiveCfg = Debug|Any CPU
		{719F7D92-C310-47C0-9C34-0EA55ADA932A}.Debug|Any CPU.Build.0 = Debug|Any CPU
		{719F7D92-C310-47C0-9C34-0EA55ADA932A}.Release|Any CPU.ActiveCfg = Release|Any CPU
		{719F7D92-C310-47C0-9C34-0EA55ADA932A}.Release|Any CPU.Build.0 = Release|Any CPU
	EndGlobalSection
	GlobalSection(NestedProjects) = preSolution
		{4ED4253B-6B27-4654-BC89-1CE8E1625E31} = {79C38A03-BFD6-4514-BBFA-673406C939EA}
		{C0293BD3-0684-4142-B53E-F548E75B6679} = {79C38A03-BFD6-4514-BBFA-673406C939EA}
		{D1D93F19-7504-4073-B9E0-F9CFF25117A5} = {79C38A03-BFD6-4514-BBFA-673406C939EA}
		{719F7D92-C310-47C0-9C34-0EA55ADA932A} = {79C38A03-BFD6-4514-BBFA-673406C939EA}
	EndGlobalSection
EndGlobal
